# THIS IS AN AUTOGENERATED FILE. DO NOT EDIT THIS FILE DIRECTLY.
# yarn lockfile v1


"@prettier/plugin-ruby@^1.5.3":
  version "1.5.3"
  resolved "https://registry.yarnpkg.com/@prettier/plugin-ruby/-/plugin-ruby-1.5.3.tgz#04c1058fce59651c38c02ace39faa7a0daa4264b"
  integrity sha512-YXXf0PGsUOMk40UlfnjDeF3NuRmKE4ddN4L2drFaskhqcB/P9jNGabz5FsGJdJt+ibPxfRsqx05gfxGLZo1wHg==
  dependencies:
    prettier ">=1.10"

prettier-html-templates@^0.1.0:
  version "0.1.0"
  resolved "https://registry.yarnpkg.com/prettier-html-templates/-/prettier-html-templates-0.1.0.tgz#dfa12bd71c032e3b796e8c645210c5614403575d"
  integrity sha512-KdLveYzO2kJLiwUAebd5UFeKP8h3OqFhOiLbkgeIuS1WNoCRTyxW4KuyGfbh3F+Rp/2A6mipRxCq2zPi+//pmg==

prettier-plugin-erb@^0.1.0:
  version "0.1.0"
  resolved "https://registry.yarnpkg.com/prettier-plugin-erb/-/prettier-plugin-erb-0.1.0.tgz#02e1b05ed0736adb5ac46642d2c093126540d390"
  integrity sha512-tBtVX7THf5YrOPl7ssoFHllehT8jXCZJuu+7EdrRdQ6yPsyqYkZo2fUJkP0lhufOBnd494QmSIjHcAwankKiHg==
  dependencies:
    prettier-html-templates "^0.1.0"

prettier@>=1.10, prettier@^2.2.1:
  version "2.2.1"
  resolved "https://registry.yarnpkg.com/prettier/-/prettier-2.2.1.tgz#795a1a78dd52f073da0cd42b21f9c91381923ff5"
  integrity sha512-PqyhM2yCjg/oKkFPtTGUojv7gnZAoG80ttl45O6x2Ug/rMJw4wcc9k6aaf2hibP7BGVCCM33gZoGjyvt9mm16Q==
